# This file is autogenerated, do not edit; changes may be undone by the next 'dep ensure'.


[[projects]]
  branch = "master"
  name = "github.com/AndreasBriese/bbloom"
  packages = ["."]
  revision = "343706a395b76e5ca5c7dca46a5d937b48febc74"

[[projects]]
  name = "github.com/DATA-DOG/go-sqlmock"
  packages = ["."]
  revision = "472e287dbafe67e526a3797165b64cb14f34705a"
  version = "v1.3.2"

[[projects]]
  branch = "master"
  name = "github.com/beorn7/perks"
  packages = ["quantile"]
  revision = "3a771d992973f24aa725d07868b467d1ddfceafb"

[[projects]]
  name = "github.com/davecgh/go-spew"
  packages = ["spew"]
  revision = "8991bc29aa16c548c550c7ff78260e27b9ab7c73"
  version = "v1.1.1"

[[projects]]
  name = "github.com/dgraph-io/badger"
  packages = [".","options","protos","skl","table","y"]
  revision = "99233d725dbdd26d156c61b2f42ae1671b794656"
  version = "v1.5.4"

[[projects]]
  branch = "master"
  name = "github.com/dgryski/go-farm"
  packages = ["."]
  revision = "3adb47b1fb0f6d9efcc5051a6c62e2e413ac85a9"

[[projects]]
  name = "github.com/ericlagergren/decimal"
  packages = [".","internal/arith","internal/arith/checked","internal/c"]
  revision = "73749d4874d5d3efba704f6046eae0517f998f4e"
  version = "v3.3.1"

[[projects]]
  name = "github.com/fsnotify/fsnotify"
  packages = ["."]
  revision = "c2828203cd70a50dcccfb2761f8b1f8ceef9a8e9"
  version = "v1.4.7"

[[projects]]
  name = "github.com/gobuffalo/envy"
  packages = ["."]
  revision = "fa0dfdc10b5366ce365b7d9d1755a03e4e797bc5"
  version = "v1.6.15"

[[projects]]
  branch = "master"
  name = "github.com/gobuffalo/packd"
  packages = ["."]
  revision = "d04dd98aca5b9aa7ca7c36ee639a21bcc69de32a"

[[projects]]
  name = "github.com/gobuffalo/packr"
  packages = ["."]
  revision = "5aa3f2df6770adb7f8719a43ef25c2522af176ed"
  version = "v2.0.3"

[[projects]]
  branch = "master"
  name = "github.com/gobuffalo/syncx"
  packages = ["."]
  revision = "33c29581e754bd354236e977dfe426e55331c45d"

[[projects]]
  name = "github.com/gofrs/uuid"
  packages = ["."]
  revision = "6b08a5c5172ba18946672b49749cde22873dd7c2"
  version = "v3.2.0"

[[projects]]
  name = "github.com/gogo/protobuf"
  packages = ["proto"]
  revision = "4cbf7e384e768b4e01799441fdf2a706a5635ae7"
  version = "v1.2.0"

[[projects]]
  branch = "master"
  name = "github.com/golang/protobuf"
  packages = ["proto","ptypes","ptypes/any","ptypes/duration","ptypes/timestamp"]
  revision = "347cf4a86c1cb8d262994d8ef5924d4576c5b331"

[[projects]]
  name = "github.com/gorilla/websocket"
  packages = ["."]
  revision = "66b9c49e59c6c48f0ffce28c2d8b8a5678502c6d"
  version = "v1.4.0"

[[projects]]
  name = "github.com/hashicorp/hcl"
  packages = [".","hcl/ast","hcl/parser","hcl/printer","hcl/scanner","hcl/strconv","hcl/token","json/parser","json/scanner","json/token"]
  revision = "8cb6e5b959231cc1119e43259c4a608f9c51a241"
  version = "v1.0.0"

[[projects]]
  name = "github.com/joho/godotenv"
  packages = ["."]
  revision = "23d116af351c84513e1946b527c88823e476be13"
  version = "v1.3.0"

[[projects]]
  name = "github.com/jonboulle/clockwork"
  packages = ["."]
  revision = "2eee05ed794112d45db504eb05aa693efd2b8b09"
  version = "v0.1.0"

[[projects]]
  name = "github.com/kat-co/vala"
  packages = ["."]
  revision = "bfe9b50e828ad56312e486cbf4165ff1ac3a9bae"
  version = "v1"

[[projects]]
  name = "github.com/konsorten/go-windows-terminal-sequences"
  packages = ["."]
  revision = "5c8c8bd35d3832f5d134ae1e1e375b69a4d25242"
  version = "v1.0.1"

[[projects]]
  name = "github.com/lib/pq"
  packages = [".","oid"]
  revision = "4ded0e9383f75c197b3a2aaa6d590ac52df6fd79"
  version = "v1.0.0"

[[projects]]
  name = "github.com/magiconair/properties"
  packages = ["."]
  revision = "c2353362d570a7bfa228149c62842019201cfb71"
  version = "v1.8.0"

[[projects]]
  name = "github.com/mattn/go-sqlite3"
  packages = ["."]
  revision = "c7c4067b79cc51e6dfdcef5c702e74b1e0fa7c75"
  version = "v1.10.0"

[[projects]]
  name = "github.com/matttproud/golang_protobuf_extensions"
  packages = ["pbutil"]
  revision = "c12348ce28de40eed0136aa2b644d0ee0650e56c"
  version = "v1.0.1"

[[projects]]
  name = "github.com/mitchellh/mapstructure"
  packages = ["."]
  revision = "3536a929edddb9a5b34bd6861dc4a9647cb459fe"
  version = "v1.1.2"

[[projects]]
  name = "github.com/pelletier/go-toml"
  packages = ["."]
  revision = "c01d1270ff3e442a8a57cddc1c92dc1138598194"
  version = "v1.2.0"

[[projects]]
  name = "github.com/pkg/errors"
  packages = ["."]
  revision = "ba968bfe8b2f7e042a574c888954fccecfa385b4"
  version = "v0.8.1"

[[projects]]
  name = "github.com/pmezard/go-difflib"
  packages = ["difflib"]
  revision = "792786c7400a136282c1664665ae0a8db921c6c2"
  version = "v1.0.0"

[[projects]]
  name = "github.com/prometheus/client_golang"
  packages = ["prometheus","prometheus/internal","prometheus/promhttp"]
  revision = "505eaef017263e299324067d40ca2c48f6a2cf50"
  version = "v0.9.2"

[[projects]]
  branch = "master"
  name = "github.com/prometheus/client_model"
  packages = ["go"]
  revision = "fd36f4220a901265f90734c3183c5f0c91daa0b8"

[[projects]]
  name = "github.com/prometheus/common"
  packages = ["expfmt","internal/bitbucket.org/ww/goautoneg","model"]
  revision = "cfeb6f9992ffa54aaa4f2170ade4067ee478b250"
  version = "v0.2.0"

[[projects]]
  branch = "master"
  name = "github.com/prometheus/procfs"
  packages = [".","internal/util","iostats","nfs","xfs"]
  revision = "d0f344d83b0c80a1bc03b547a2374a9ec6711144"

[[projects]]
  name = "github.com/rogpeppe/go-internal"
  packages = ["modfile","module","semver"]
  revision = "1cf9852c553c5b7da2d5a4a091129a7822fed0c9"
  version = "v1.2.2"

[[projects]]
  branch = "master"
  name = "github.com/rubenv/sql-migrate"
  packages = [".","sqlparse"]
  revision = "1007f53448d75fe14190968f5de4d95ed63ebb83"

[[projects]]
  name = "github.com/sirupsen/logrus"
  packages = ["."]
  revision = "e1e72e9de974bd926e5c56f83753fba2df402ce5"
  version = "v1.3.0"

[[projects]]
  name = "github.com/spf13/afero"
  packages = [".","mem"]
  revision = "a5d6946387efe7d64d09dcba68cdd523dc1273a3"
  version = "v1.2.0"

[[projects]]
  name = "github.com/spf13/cast"
  packages = ["."]
  revision = "8c9545af88b134710ab1cd196795e7f2388358d7"
  version = "v1.3.0"

[[projects]]
  name = "github.com/spf13/jwalterweatherman"
  packages = ["."]
  revision = "4a4406e478ca629068e7768fc33f3f044173c0a6"
  version = "v1.0.0"

[[projects]]
  name = "github.com/spf13/pflag"
  packages = ["."]
  revision = "298182f68c66c05229eb03ac171abe6e309ee79a"
  version = "v1.0.3"

[[projects]]
  name = "github.com/spf13/viper"
  packages = ["."]
  revision = "6d33b5a963d922d182c91e8a1c88d81fd150cfd4"
  version = "v1.3.1"

[[projects]]
  name = "github.com/stretchr/testify"
  packages = ["assert","require","suite"]
  revision = "ffdc059bfe9ce6a4e144ba849dbedead332c6053"
  version = "v1.3.0"

[[projects]]
  branch = "master"
  name = "github.com/volatiletech/inflect"
  packages = ["."]
  revision = "e7201282ae8da26cd97aed2e516f75c0bd91bb93"

[[projects]]
  name = "github.com/volatiletech/null"
  packages = [".","convert"]
  revision = "0681ee3b5e046ac8bfbbd3999e79d3905e96972f"
  version = "v8.0.0"

[[projects]]
  name = "github.com/volatiletech/sqlboiler"
  packages = ["boil","drivers","drivers/sqlboiler-psql/driver","importers","queries","queries/qm","queries/qmhelper","randomize","strmangle","types"]
  revision = "df8550538fefdf62f2520e74dbfad73f1bcb84a2"
  version = "v3.2.0"

[[projects]]
  branch = "master"
  name = "golang.org/x/crypto"
  packages = ["ed25519","ed25519/internal/edwards25519","ssh/terminal"]
  revision = "ff983b9c42bc9fbf91556e191cc8efb585c16908"

[[projects]]
  branch = "master"
  name = "golang.org/x/net"
  packages = ["http/httpguts","http2","http2/hpack","idna","internal/timeseries","trace"]
  revision = "915654e7eabcea33ae277abbecf52f0d8b7a9fdc"

[[projects]]
  branch = "master"
  name = "golang.org/x/sys"
  packages = ["unix","windows"]
  revision = "11f53e03133963fb11ae0588e08b5e0b85be8be5"

[[projects]]
  name = "golang.org/x/text"
  packages = ["collate","collate/build","internal/colltab","internal/gen","internal/tag","internal/triegen","internal/ucd","language","secure/bidirule","transform","unicode/bidi","unicode/cldr","unicode/norm","unicode/rangetable"]
  revision = "f21a4dfb5e38f5895301dc265a8def02365cc3d0"
  version = "v0.3.0"

[[projects]]
  branch = "master"
  name = "google.golang.org/genproto"
  packages = ["googleapis/rpc/status"]
  revision = "db91494dd46c1fdcbbde05e5ff5eb56df8f7d79a"

[[projects]]
  name = "google.golang.org/grpc"
  packages = [".","balancer","balancer/base","balancer/roundrobin","binarylog/grpc_binarylog_v1","codes","connectivity","credentials","credentials/internal","encoding","encoding/proto","grpclog","internal","internal/backoff","internal/binarylog","internal/channelz","internal/envconfig","internal/grpcrand","internal/grpcsync","internal/syscall","internal/transport","keepalive","metadata","naming","peer","resolver","resolver/dns","resolver/passthrough","stats","status","tap"]
  revision = "a02b0774206b209466313a0b525d2c738fe407eb"
  version = "v1.18.0"

[[projects]]
  name = "gopkg.in/gorp.v1"
  packages = ["."]
  revision = "6a667da9c028871f98598d85413e3fc4c6daa52e"
  version = "v1.7.2"

[[projects]]
  name = "gopkg.in/yaml.v2"
  packages = ["."]
  revision = "51d6538a90f86fe93ac480b35f37b2be17fef232"
  version = "v2.2.2"

[solve-meta]
  analyzer-name = "dep"
  analyzer-version = 1
  inputs-digest = "c011d3208472781308efa278599edbbd2b9c14216a2edba5d3dc05a99101c99b"
  solver-name = "gps-cdcl"
  solver-version = 1
